{"packages":{"js":{"version":"0.0.13","source":"hosted","description":"js"},"rikulo":{"version":"0.6.2","source":"git","description":{"url":"git://github.com/rikulo/rikulo.git","ref":null,"resolved-ref":"085b9119eefee8c8b69731c671e421ad04f997db"}},"rikulo_commons":{"version":"0.6.2+4","source":"hosted","description":"rikulo_commons"},"html5lib":{"version":"0.2.2+1","source":"hosted","description":"html5lib"},"browser":{"version":"0.0.1","source":"hosted","description":"browser"},"unittest":{"version":"0.2.10+1","source":"hosted","description":"unittest"},"meta":{"version":"0.2.10+1","source":"hosted","description":"meta"}}}